{
  "name": "uncle-argon",
  "version": "1.0.17",
  "lockfileVersion": 1,
  "requires": true,
  "dependencies": {
    "@fortawesome/fontawesome-free": {
      "version": "5.11.2",
      "resolved": "https://registry.npmjs.org/@fortawesome/fontawesome-free/-/fontawesome-free-5.11.2.tgz",
      "integrity": "sha512-XiUPoS79r1G7PcpnNtq85TJ7inJWe0v+b5oZJZKb0pGHNIV6+UiNeQWiFGmuQ0aj7GEhnD/v9iqxIsjuRKtEnQ=="
    },
    "@johmun/vue-tags-input": {
      "version": "2.1.0",
      "resolved": "https://registry.npmjs.org/@johmun/vue-tags-input/-/vue-tags-input-2.1.0.tgz",
      "integrity": "sha512-Fdwfss/TqCqMJbGAkmlzKbcG/ia1MstYjhqPBj+zG7h/166tIcE1TIftUxhT9LZ+RWjRSG0EFA1UyaHQSr3k3Q==",
      "requires": {
        "vue": "^2.6.10"
      },
      "dependencies": {
        "vue": {
          "version": "2.6.11",
          "resolved": "https://registry.npmjs.org/vue/-/vue-2.6.11.tgz",
          "integrity": "sha512-VfPwgcGABbGAue9+sfrD4PuwFar7gPb1yl1UK1MwXoQPAw0BKSqWfoYCT/ThFrdEVWoI51dBuyCoiNU9bZDZxQ=="
        }
      }
    },
    "@nuxt/opencollective": {
      "version": "0.2.2",
      "resolved": "https://registry.npmjs.org/@nuxt/opencollective/-/opencollective-0.2.2.tgz",
      "integrity": "sha512-ie50SpS47L+0gLsW4yP23zI/PtjsDRglyozX2G09jeiUazC1AJlGPZo0JUs9iuCDUoIgsDEf66y7/bSfig0BpA==",
      "requires": {
        "chalk": "^2.4.1",
        "consola": "^2.3.0",
        "node-fetch": "^2.3.0"
      }
    },
    "ansi-styles": {
      "version": "3.2.1",
      "resolved": "https://registry.npmjs.org/ansi-styles/-/ansi-styles-3.2.1.tgz",
      "integrity": "sha512-VT0ZI6kZRdTh8YyJw3SMbYm/u+NqfsAxEpWO0Pf9sq8/e94WxxOpPKx9FR1FlyCtOVDNOQ+8ntlqFxiRc+r5qA==",
      "requires": {
        "color-convert": "^1.9.0"
      }
    },
    "bootstrap": {
      "version": "4.3.1",
      "resolved": "https://registry.npmjs.org/bootstrap/-/bootstrap-4.3.1.tgz",
      "integrity": "sha512-rXqOmH1VilAt2DyPzluTi2blhk17bO7ef+zLLPlWvG494pDxcM234pJ8wTc/6R40UWizAIIMgxjvxZg5kmsbag=="
    },
    "bootstrap-vue": {
      "version": "2.0.0-rc.15",
      "resolved": "https://registry.npmjs.org/bootstrap-vue/-/bootstrap-vue-2.0.0-rc.15.tgz",
      "integrity": "sha512-ItLol18cs81xkOoMD+DHjeTn/IVPX3OUmxLdE0Y9E3wNis3mP3zsQZCfROGZEB05prhtw55B2fzGXqSe/lzD4g==",
      "requires": {
        "@nuxt/opencollective": "^0.2.1",
        "bootstrap": "^4.3.1",
        "popper.js": "^1.14.7",
        "vue-functional-data-merge": "^2.0.7"
      }
    },
    "chalk": {
      "version": "2.4.2",
      "resolved": "https://registry.npmjs.org/chalk/-/chalk-2.4.2.tgz",
      "integrity": "sha512-Mti+f9lpJNcwF4tWV8/OrTTtF1gZi+f8FqlyAdouralcFWFQWF2+NgCHShjkCb+IFBLq9buZwE1xckQU4peSuQ==",
      "requires": {
        "ansi-styles": "^3.2.1",
        "escape-string-regexp": "^1.0.5",
        "supports-color": "^5.3.0"
      }
    },
    "chart.js": {
      "version": "2.8.0",
      "resolved": "https://registry.npmjs.org/chart.js/-/chart.js-2.8.0.tgz",
      "integrity": "sha512-Di3wUL4BFvqI5FB5K26aQ+hvWh8wnP9A3DWGvXHVkO13D3DSnaSsdZx29cXlEsYKVkn1E2az+ZYFS4t0zi8x0w==",
      "requires": {
        "chartjs-color": "^2.1.0",
        "moment": "^2.10.2"
      }
    },
    "chartjs-color": {
      "version": "2.3.0",
      "resolved": "https://registry.npmjs.org/chartjs-color/-/chartjs-color-2.3.0.tgz",
      "integrity": "sha512-hEvVheqczsoHD+fZ+tfPUE+1+RbV6b+eksp2LwAhwRTVXEjCSEavvk+Hg3H6SZfGlPh/UfmWKGIvZbtobOEm3g==",
      "requires": {
        "chartjs-color-string": "^0.6.0",
        "color-convert": "^0.5.3"
      },
      "dependencies": {
        "color-convert": {
          "version": "0.5.3",
          "resolved": "https://registry.npmjs.org/color-convert/-/color-convert-0.5.3.tgz",
          "integrity": "sha1-vbbGnOZg+t/+CwAHzER+G59ygr0="
        }
      }
    },
    "chartjs-color-string": {
      "version": "0.6.0",
      "resolved": "https://registry.npmjs.org/chartjs-color-string/-/chartjs-color-string-0.6.0.tgz",
      "integrity": "sha512-TIB5OKn1hPJvO7JcteW4WY/63v6KwEdt6udfnDE9iCAZgy+V4SrbSxoIbTw/xkUIapjEI4ExGtD0+6D3KyFd7A==",
      "requires": {
        "color-name": "^1.0.0"
      }
    },
    "clipboard": {
      "version": "2.0.4",
      "resolved": "https://registry.npmjs.org/clipboard/-/clipboard-2.0.4.tgz",
      "integrity": "sha512-Vw26VSLRpJfBofiVaFb/I8PVfdI1OxKcYShe6fm0sP/DtmiWQNCjhM/okTvdCo0G+lMMm1rMYbk4IK4x1X+kgQ==",
      "requires": {
        "good-listener": "^1.2.2",
        "select": "^1.1.2",
        "tiny-emitter": "^2.0.0"
      }
    },
    "color-convert": {
      "version": "1.9.3",
      "resolved": "https://registry.npmjs.org/color-convert/-/color-convert-1.9.3.tgz",
      "integrity": "sha512-QfAUtd+vFdAtFQcC8CCyYt1fYWxSqAiK2cSD6zDB8N3cpsEBAvRxp9zOGg6G/SHHJYAT88/az/IuDGALsNVbGg==",
      "requires": {
        "color-name": "1.1.3"
      }
    },
    "color-name": {
      "version": "1.1.3",
      "resolved": "https://registry.npmjs.org/color-name/-/color-name-1.1.3.tgz",
      "integrity": "sha1-p9BVi9icQveV3UIyj3QIMcpTvCU="
    },
    "consola": {
      "version": "2.10.1",
      "resolved": "https://registry.npmjs.org/consola/-/consola-2.10.1.tgz",
      "integrity": "sha512-4sxpH6SGFYLADfUip4vuY65f/gEogrzJoniVhNUYkJHtng0l8ZjnDCqxxrSVRHOHwKxsy8Vm5ONZh1wOR3/l/w=="
    },
    "core-js": {
      "version": "2.6.5",
      "resolved": "https://registry.npmjs.org/core-js/-/core-js-2.6.5.tgz",
      "integrity": "sha512-klh/kDpwX8hryYL14M9w/xei6vrv6sE8gTHDG7/T/+SEovB/G4ejwcfE/CBzO6Edsu+OETZMZ3wcX/EjUkrl5A=="
    },
    "delegate": {
      "version": "3.2.0",
      "resolved": "https://registry.npmjs.org/delegate/-/delegate-3.2.0.tgz",
      "integrity": "sha512-IofjkYBZaZivn0V8nnsMJGBr4jVLxHDheKSW88PyxS5QC4Vo9ZbZVvhzlSxY87fVq3STR6r+4cGepyHkcWOQSw=="
    },
    "escape-string-regexp": {
      "version": "1.0.5",
      "resolved": "https://registry.npmjs.org/escape-string-regexp/-/escape-string-regexp-1.0.5.tgz",
      "integrity": "sha1-G2HAViGQqN/2rjuyzwIAyhMLhtQ="
    },
    "flatpickr": {
      "version": "4.5.7",
      "resolved": "https://registry.npmjs.org/flatpickr/-/flatpickr-4.5.7.tgz",
      "integrity": "sha512-JqPfihUc9A/j9QAsh6otoARmMyUauPE17vRBEG+ThJwbl8zAq4ssGpxlPK3wWM/i8EFxkHg9UuVo0ds7XluKxw=="
    },
    "good-listener": {
      "version": "1.2.2",
      "resolved": "https://registry.npmjs.org/good-listener/-/good-listener-1.2.2.tgz",
      "integrity": "sha1-1TswzfkxPf+33JoNR3CWqm0UXFA=",
      "requires": {
        "delegate": "^3.1.2"
      }
    },
    "has-flag": {
      "version": "3.0.0",
      "resolved": "https://registry.npmjs.org/has-flag/-/has-flag-3.0.0.tgz",
      "integrity": "sha1-tdRU3CGZriJWmfNGfloH87lVuv0="
    },
    "leaflet": {
      "version": "1.6.0",
      "resolved": "https://registry.npmjs.org/leaflet/-/leaflet-1.6.0.tgz",
      "integrity": "sha512-CPkhyqWUKZKFJ6K8umN5/D2wrJ2+/8UIpXppY7QDnUZW5bZL5+SEI2J7GBpwh4LIupOKqbNSQXgqmrEJopHVNQ=="
    },
    "leaflet-geosearch": {
      "version": "2.7.0",
      "resolved": "https://registry.npmjs.org/leaflet-geosearch/-/leaflet-geosearch-2.7.0.tgz",
      "integrity": "sha512-6rZIZ5mp9Ifp3R37DKe7ipHV6/qnUY5kP1gNDz3oMT4hp5FqKyB2V4enoTDT1iziE8yrn0hy/OP9oI4HG1dKEw==",
      "requires": {
        "lodash.debounce": "^4.0.8",
        "nodent-runtime": "^3.0.4"
      }
    },
    "lodash.debounce": {
      "version": "4.0.8",
      "resolved": "https://registry.npmjs.org/lodash.debounce/-/lodash.debounce-4.0.8.tgz",
      "integrity": "sha1-gteb/zCmfEAF/9XiUVMArZyk168="
    },
    "moment": {
      "version": "2.24.0",
      "resolved": "https://registry.npmjs.org/moment/-/moment-2.24.0.tgz",
      "integrity": "sha512-bV7f+6l2QigeBBZSM/6yTNq4P2fNpSWj/0e7jQcy87A8e7o2nAfP/34/2ky5Vw4B9S446EtIhodAzkFCcR4dQg=="
    },
    "node-fetch": {
      "version": "2.6.0",
      "resolved": "https://registry.npmjs.org/node-fetch/-/node-fetch-2.6.0.tgz",
      "integrity": "sha512-8dG4H5ujfvFiqDmVu9fQ5bOHUC15JMjMY/Zumv26oOvvVJjM67KF8koCWIabKQ1GJIa9r2mMZscBq/TbdOcmNA=="
    },
    "nodent-runtime": {
      "version": "3.2.1",
      "resolved": "https://registry.npmjs.org/nodent-runtime/-/nodent-runtime-3.2.1.tgz",
      "integrity": "sha512-7Ws63oC+215smeKJQCxzrK21VFVlCFBkwl0MOObt0HOpVQXs3u483sAmtkF33nNqZ5rSOQjB76fgyPBmAUrtCA=="
    },
    "nouislider": {
      "version": "13.1.4",
      "resolved": "https://registry.npmjs.org/nouislider/-/nouislider-13.1.4.tgz",
      "integrity": "sha512-XcGdAkjDNjaciL4rBdf6/0Yfj7cVCPD9lUjFfOJnUdku4XaJUFa3Im3w8NnCuJFZ3NraRATREjpqDfbQIRRU0w=="
    },
    "popper.js": {
      "version": "1.15.0",
      "resolved": "https://registry.npmjs.org/popper.js/-/popper.js-1.15.0.tgz",
      "integrity": "sha512-w010cY1oCUmI+9KwwlWki+r5jxKfTFDVoadl7MSrIujHU5MJ5OR6HTDj6Xo8aoR/QsA56x8jKjA59qGH4ELtrA=="
    },
    "register-service-worker": {
      "version": "1.6.2",
      "resolved": "https://registry.npmjs.org/register-service-worker/-/register-service-worker-1.6.2.tgz",
      "integrity": "sha512-I8L87fX2TK29LDx+wgyOUh2BJ3rDIRC1FtRZEHeP3rivzDv6p1DDZLGGtPucqjEkm45+2crtFIFssEWv56+9Wg=="
    },
    "select": {
      "version": "1.1.2",
      "resolved": "https://registry.npmjs.org/select/-/select-1.1.2.tgz",
      "integrity": "sha1-DnNQrN7ICxEIUoeG7B1EGNEbOW0="
    },
    "supports-color": {
      "version": "5.5.0",
      "resolved": "https://registry.npmjs.org/supports-color/-/supports-color-5.5.0.tgz",
      "integrity": "sha512-QjVjwdXIt408MIiAqCX4oUKsgU2EqAGzs2Ppkm4aQYbjm+ZEWEcW4SfFNTr4uMNZma0ey4f5lgLrkB0aX0QMow==",
      "requires": {
        "has-flag": "^3.0.0"
      }
    },
    "tiny-emitter": {
      "version": "2.1.0",
      "resolved": "https://registry.npmjs.org/tiny-emitter/-/tiny-emitter-2.1.0.tgz",
      "integrity": "sha512-NB6Dk1A9xgQPMoGqC5CVXn123gWyte215ONT5Pp5a0yt4nlEoO1ZWeCwpncaekPHXO60i47ihFnZPiRPjRMq4Q=="
    },
    "vee-validate": {
      "version": "2.2.15",
      "resolved": "https://registry.npmjs.org/vee-validate/-/vee-validate-2.2.15.tgz",
      "integrity": "sha512-4TOsI8XwVkKVLkg8Nhmy+jyoJrR6XcTRDyxBarzcCvYzU61zamipS1WsB6FlDze8eJQpgglS4NXAS6o4NDPs1g=="
    },
    "vue": {
      "version": "2.6.6",
      "resolved": "https://registry.npmjs.org/vue/-/vue-2.6.6.tgz",
      "integrity": "sha512-Y2DdOZD8sxApS+iUlwv1v8U1qN41kq6Kw45lM6nVZKhygeWA49q7VCCXkjXqeDBXgurrKWkYQ9cJeEJwAq0b9Q=="
    },
    "vue-argon-dashboard": {
      "version": "git+https://github.com/guglielmoseminara/vue-argon-dashboard.git#a9211d236a7b9bc48f339b5d57ee2e80e18b04d7",
      "from": "git+https://github.com/guglielmoseminara/vue-argon-dashboard.git",
      "requires": {
        "bootstrap": "4.3.1",
        "bootstrap-vue": "2.0.0-rc.15",
        "chart.js": "2.8.0",
        "core-js": "2.6.5",
        "flatpickr": "4.5.7",
        "nouislider": "13.1.4",
        "register-service-worker": "1.6.2",
        "vue": "2.6.6",
        "vue-chartjs": "3.4.2",
        "vue-clipboard2": "0.3.0",
        "vue-flatpickr-component": "8.1.2",
        "vue-router": "3.0.1",
        "vue2-transitions": "0.3.0"
      },
      "dependencies": {
        "vue-flatpickr-component": {
          "version": "8.1.2",
          "resolved": "https://registry.npmjs.org/vue-flatpickr-component/-/vue-flatpickr-component-8.1.2.tgz",
          "integrity": "sha512-z3FPLrkQgrTXWU3YZ8pcVQ9Gu4CLKUoBQWqK2i3HIhNFcXnwbfY/btf+Uk8zr9Csotrbzw1NWl/WglbW8Zn/Hg==",
          "requires": {
            "flatpickr": "^4.5.1"
          }
        }
      }
    },
    "vue-async-computed": {
      "version": "3.7.0",
      "resolved": "https://registry.npmjs.org/vue-async-computed/-/vue-async-computed-3.7.0.tgz",
      "integrity": "sha512-TyP37QJZK8pvN14wxBcXtt9TOjkpYYdndklABZNH+X1ZjeyM/krndloiS1DeFUg95MqIi5wzjevOPu6UTcD7pg=="
    },
    "vue-breadcrumbs": {
      "version": "1.2.0",
      "resolved": "https://registry.npmjs.org/vue-breadcrumbs/-/vue-breadcrumbs-1.2.0.tgz",
      "integrity": "sha512-5vh3ZKQYfJK5NBJdgyB0fgLgsLQnabdrlRMh3kZVekUxHiYW1NskKCITGcnjbPUscwjys5isOb2Ts0+/6oHG7w=="
    },
    "vue-chartjs": {
      "version": "3.4.2",
      "resolved": "https://registry.npmjs.org/vue-chartjs/-/vue-chartjs-3.4.2.tgz",
      "integrity": "sha512-EhoXUJ17+9isMLhJpOliS++xE5z5FM8iAVytIqnKofByVMr8AISRL/SCy3zvWbvzhjgQPStd9y6adMF5bnWQdg=="
    },
    "vue-clipboard2": {
      "version": "0.3.0",
      "resolved": "https://registry.npmjs.org/vue-clipboard2/-/vue-clipboard2-0.3.0.tgz",
      "integrity": "sha512-6/Y9NJErWb4LNBLMgsJSdKb7KpF6/jqXagvKlYut6VQzQsNj6515FpwH0r5hhmeJMqaPzf1kxAw8L8Qvw/QBJQ==",
      "requires": {
        "clipboard": "^2.0.0"
      }
    },
    "vue-flatpickr-component": {
      "version": "8.1.5",
      "resolved": "https://registry.npmjs.org/vue-flatpickr-component/-/vue-flatpickr-component-8.1.5.tgz",
      "integrity": "sha512-whrR+WM7fWyHW+1ZxCx7uVSuOlTeZXEMzhsgcILXGxIzQxr5uX5RlS5amLXdGGSSVf+zukrb6MvYit/uIkhk3Q==",
      "requires": {
        "flatpickr": "^4.6.1"
      },
      "dependencies": {
        "flatpickr": {
          "version": "4.6.3",
          "resolved": "https://registry.npmjs.org/flatpickr/-/flatpickr-4.6.3.tgz",
          "integrity": "sha512-007VucCkqNOMMb9ggRLNuJowwaJcyOh4sKAFcdGfahfGc7JQbf94zSzjdBq/wVyHWUEs5o3+idhFZ0wbZMRmVQ=="
        }
      }
    },
    "vue-functional-data-merge": {
      "version": "2.0.7",
      "resolved": "https://registry.npmjs.org/vue-functional-data-merge/-/vue-functional-data-merge-2.0.7.tgz",
      "integrity": "sha512-pvLc+H+x2prwBj/uSEIITyxjz/7ZUVVK8uYbrYMmhDvMXnzh9OvQvVEwcOSBQjsubd4Eq41/CSJaWzy4hemMNQ=="
    },
    "vue-grd": {
      "version": "1.2.1",
      "resolved": "https://registry.npmjs.org/vue-grd/-/vue-grd-1.2.1.tgz",
      "integrity": "sha512-8HwjEBC6p6kyL1Io/1J30LWSHboa4c4h52Jn5tyY+e7VxBxTyqKkb9sw8SMP34T3VxAYj7X01lzrq2kMTcQBJw=="
    },
    "vue-loaders": {
      "version": "3.1.0",
      "resolved": "https://registry.npmjs.org/vue-loaders/-/vue-loaders-3.1.0.tgz",
      "integrity": "sha512-oUQiLnzaYcSk3DQnFteFjF/ARbq+OZS27FJ818NBdkwJBYanYLpA4SYk+pRN4ztO4c6VwqxUuPqSuQ8Rw7okIg=="
    },
    "vue-router": {
      "version": "3.0.1",
      "resolved": "https://registry.npmjs.org/vue-router/-/vue-router-3.0.1.tgz",
      "integrity": "sha512-vLLoY452L+JBpALMP5UHum9+7nzR9PeIBCghU9ZtJ1eWm6ieUI8Zb/DI3MYxH32bxkjzYV1LRjNv4qr8d+uX/w=="
    },
    "vue-toast-notification": {
      "version": "0.0.3",
      "resolved": "https://registry.npmjs.org/vue-toast-notification/-/vue-toast-notification-0.0.3.tgz",
      "integrity": "sha512-3UQuEa2oQX5JcWwMcnm6Kf9djL4XwWWv2R8uIawFC/PSPHYp4JCnXiYu+BVNc/qCQhpSvfkXmmDVOLRau5kVDg=="
    },
    "vue2-leaflet": {
      "version": "2.4.2",
      "resolved": "https://registry.npmjs.org/vue2-leaflet/-/vue2-leaflet-2.4.2.tgz",
      "integrity": "sha512-lRBkmgjyWOmp9o3t83rpPUYmDpo0g9PBFVsb5aSC5OhrnyPLmWcDRjjVCEmDQaGi4V+34tjrF9b+wkoBLwiRew=="
    },
    "vue2-leaflet-geosearch": {
      "version": "git+https://github.com/guglielmoseminara/vue2-leaflet-geosearch.git#a55703ff901de5c6a3b4314f54c33aa9979ea301",
      "from": "git+https://github.com/guglielmoseminara/vue2-leaflet-geosearch.git",
      "requires": {
        "leaflet-geosearch": "^2.6.0",
        "vue2-leaflet": "^0.0.55"
      },
      "dependencies": {
        "vue2-leaflet": {
          "version": "0.0.55",
          "resolved": "https://registry.npmjs.org/vue2-leaflet/-/vue2-leaflet-0.0.55.tgz",
          "integrity": "sha1-GlsTSsC3hJ+AUTQAKQyZAfo7o7Q=",
          "requires": {
            "leaflet": "^1.2.0",
            "vue": "^2.0.0-rc.8"
          }
        }
      }
    },
    "vue2-transitions": {
      "version": "0.3.0",
      "resolved": "https://registry.npmjs.org/vue2-transitions/-/vue2-transitions-0.3.0.tgz",
      "integrity": "sha512-m1ad8K8kufqiEhj5gXHkkqOioI5sW0FaMbRiO0Tv2WFfGbO2eIKrfkFiO3HPQtMJboimaLCN4p/zL81clLbG4w=="
    }
  }
}
